// !$*UTF8*$!
{
	archiveVersion = 1;
	classes = {
	};
	objectVersion = 50;
	objects = {

/* Begin PBXBuildFile section */
		427E732A23B36CDC0029C35D /* AppDelegate.swift in Sources */ = {isa = PBXBuildFile; fileRef = 427E732923B36CDC0029C35D /* AppDelegate.swift */; };
		427E732C23B36CDC0029C35D /* ViewController.swift in Sources */ = {isa = PBXBuildFile; fileRef = 427E732B23B36CDC0029C35D /* ViewController.swift */; };
		427E732F23B36CDC0029C35D /* Main.storyboard in Resources */ = {isa = PBXBuildFile; fileRef = 427E732D23B36CDC0029C35D /* Main.storyboard */; };
		427E733123B36CDD0029C35D /* Assets.xcassets in Resources */ = {isa = PBXBuildFile; fileRef = 427E733023B36CDD0029C35D /* Assets.xcassets */; };
		427E733423B36CDD0029C35D /* LaunchScreen.storyboard in Resources */ = {isa = PBXBuildFile; fileRef = 427E733223B36CDD0029C35D /* LaunchScreen.storyboard */; };
		427E733F23B36CDD0029C35D /* MyTodoTests.swift in Sources */ = {isa = PBXBuildFile; fileRef = 427E733E23B36CDD0029C35D /* MyTodoTests.swift */; };
		427E734A23B36CDD0029C35D /* MyTodoUITests.swift in Sources */ = {isa = PBXBuildFile; fileRef = 427E734923B36CDD0029C35D /* MyTodoUITests.swift */; };
/* End PBXBuildFile section */

/* Begin PBXContainerItemProxy section */
		427E733B23B36CDD0029C35D /* PBXContainerItemProxy */ = {
			isa = PBXContainerItemProxy;
			containerPortal = 427E731E23B36CDC0029C35D /* Project object */;
			proxyType = 1;
			remoteGlobalIDString = 427E732523B36CDC0029C35D;
			remoteInfo = MyTodo;
		};
		427E734623B36CDD0029C35D /* PBXContainerItemProxy */ = {
			isa = PBXContainerItemProxy;
			containerPortal = 427E731E23B36CDC0029C35D /* Project object */;
			proxyType = 1;
			remoteGlobalIDString = 427E732523B36CDC0029C35D;
			remoteInfo = MyTodo;
		};
/* End PBXContainerItemProxy section */

/* Begin PBXFileReference section */
		427E732623B36CDC0029C35D /* MyTodo.app */ = {isa = PBXFileReference; explicitFileType = wrapper.application; includeInIndex = 0; path = MyTodo.app; sourceTree = BUILT_PRODUCTS_DIR; };
		427E732923B36CDC0029C35D /* AppDelegate.swift */ = {isa = PBXFileReference; lastKnownFileType = sourcecode.swift; path = AppDelegate.swift; sourceTree = "<group>"; };
		427E732B23B36CDC0029C35D /* ViewController.swift */ = {isa = PBXFileReference; lastKnownFileType = sourcecode.swift; path = ViewController.swift; sourceTree = "<group>"; };
		427E732E23B36CDC0029C35D /* Base */ = {isa = PBXFileReference; lastKnownFileType = file.storyboard; name = Base; path = Base.lproj/Main.storyboard; sourceTree = "<group>"; };
		427E733023B36CDD0029C35D /* Assets.xcassets */ = {isa = PBXFileReference; lastKnownFileType = folder.assetcatalog; path = Assets.xcassets; sourceTree = "<group>"; };
		427E733323B36CDD0029C35D /* Base */ = {isa = PBXFileReference; lastKnownFileType = file.storyboard; name = Base; path = Base.lproj/LaunchScreen.storyboard; sourceTree = "<group>"; };
		427E733523B36CDD0029C35D /* Info.plist */ = {isa = PBXFileReference; lastKnownFileType = text.plist.xml; path = Info.plist; sourceTree = "<group>"; };
		427E733A23B36CDD0029C35D /* MyTodoTests.xctest */ = {isa = PBXFileReference; explicitFileType = wrapper.cfbundle; includeInIndex = 0; path = MyTodoTests.xctest; sourceTree = BUILT_PRODUCTS_DIR; };
		427E733E23B36CDD0029C35D /* MyTodoTests.swift */ = {isa = PBXFileReference; lastKnownFileType = sourcecode.swift; path = MyTodoTests.swift; sourceTree = "<group>"; };
		427E734023B36CDD0029C35D /* Info.plist */ = {isa = PBXFileReference; lastKnownFileType = text.plist.xml; path = Info.plist; sourceTree = "<group>"; };
		427E734523B36CDD0029C35D /* MyTodoUITests.xctest */ = {isa = PBXFileReference; explicitFileType = wrapper.cfbundle; includeInIndex = 0; path = MyTodoUITests.xctest; sourceTree = BUILT_PRODUCTS_DIR; };
		427E734923B36CDD0029C35D /* MyTodoUITests.swift */ = {isa = PBXFileReference; lastKnownFileType = sourcecode.swift; path = MyTodoUITests.swift; sourceTree = "<group>"; };
		427E734B23B36CDD0029C35D /* Info.plist */ = {isa = PBXFileReference; lastKnownFileType = text.plist.xml; path = Info.plist; sourceTree = "<group>"; };
/* End PBXFileReference section */

/* Begin PBXFrameworksBuildPhase section */
		427E732323B36CDC0029C35D /* Frameworks */ = {
			isa = PBXFrameworksBuildPhase;
			buildActionMask = 2147483647;
			files = (
			);
			runOnlyForDeploymentPostprocessing = 0;
		};
		427E733723B36CDD0029C35D /* Frameworks */ = {
			isa = PBXFrameworksBuildPhase;
			buildActionMask = 2147483647;
			files = (
			);
			runOnlyForDeploymentPostprocessing = 0;
		};
		427E734223B36CDD0029C35D /* Frameworks */ = {
			isa = PBXFrameworksBuildPhase;
			buildActionMask = 2147483647;
			files = (
			);
			runOnlyForDeploymentPostprocessing = 0;
		};
/* End PBXFrameworksBuildPhase section */

/* Begin PBXGroup section */
		427E731D23B36CDC0029C35D = {
			isa = PBXGroup;
			children = (
				427E732823B36CDC0029C35D /* MyTodo */,
				427E733D23B36CDD0029C35D /* MyTodoTests */,
				427E734823B36CDD0029C35D /* MyTodoUITests */,
				427E732723B36CDC0029C35D /* Products */,
			);
			sourceTree = "<group>";
		};
		427E732723B36CDC0029C35D /* Products */ = {
			isa = PBXGroup;
			children = (
				427E732623B36CDC0029C35D /* MyTodo.app */,
				427E733A23B36CDD0029C35D /* MyTodoTests.xctest */,
				427E734523B36CDD0029C35D /* MyTodoUITests.xctest */,
			);
			name = Products;
			sourceTree = "<group>";
		};
		427E732823B36CDC0029C35D /* MyTodo */ = {
			isa = PBXGroup;
			children = (
				427E732923B36CDC0029C35D /* AppDelegate.swift */,
				427E732B23B36CDC0029C35D /* ViewController.swift */,
				427E732D23B36CDC0029C35D /* Main.storyboard */,
				427E733023B36CDD0029C35D /* Assets.xcassets */,
				427E733223B36CDD0029C35D /* LaunchScreen.storyboard */,
				427E733523B36CDD0029C35D /* Info.plist */,
			);
			path = MyTodo;
			sourceTree = "<group>";
		};
		427E733D23B36CDD0029C35D /* MyTodoTests */ = {
			isa = PBXGroup;
			children = (
				427E733E23B36CDD0029C35D /* MyTodoTests.swift */,
				427E734023B36CDD0029C35D /* Info.plist */,
			);
			path = MyTodoTests;
			sourceTree = "<group>";
		};
		427E734823B36CDD0029C35D /* MyTodoUITests */ = {
			isa = PBXGroup;
			children = (
				427E734923B36CDD0029C35D /* MyTodoUITests.swift */,
				427E734B23B36CDD0029C35D /* Info.plist */,
			);
			path = MyTodoUITests;
			sourceTree = "<group>";
		};
/* End PBXGroup section */

/* Begin PBXNativeTarget section */
		427E732523B36CDC0029C35D /* MyTodo */ = {
			isa = PBXNativeTarget;
			buildConfigurationList = 427E734E23B36CDD0029C35D /* Build configuration list for PBXNativeTarget "MyTodo" */;
			buildPhases = (
				427E732223B36CDC0029C35D /* Sources */,
				427E732323B36CDC0029C35D /* Frameworks */,
				427E732423B36CDC0029C35D /* Resources */,
			);
			buildRules = (
			);
			dependencies = (
			);
			name = MyTodo;
			productName = MyTodo;
			productReference = 427E732623B36CDC0029C35D /* MyTodo.app */;
			productType = "com.apple.product-type.application";
		};
		427E733923B36CDD0029C35D /* MyTodoTests */ = {
			isa = PBXNativeTarget;
			buildConfigurationList = 427E735123B36CDD0029C35D /* Build configuration list for PBXNativeTarget "MyTodoTests" */;
			buildPhases = (
				427E733623B36CDD0029C35D /* Sources */,
				427E733723B36CDD0029C35D /* Frameworks */,
				427E733823B36CDD0029C35D /* Resources */,
			);
			buildRules = (
			);
			dependencies = (
				427E733C23B36CDD0029C35D /* PBXTargetDependency */,
			);
			name = MyTodoTests;
			productName = MyTodoTests;
			productReference = 427E733A23B36CDD0029C35D /* MyTodoTests.xctest */;
			productType = "com.apple.product-type.bundle.unit-test";
		};
		427E734423B36CDD0029C35D /* MyTodoUITests */ = {
			isa = PBXNativeTarget;
			buildConfigurationList = 427E735423B36CDD0029C35D /* Build configuration list for PBXNativeTarget "MyTodoUITests" */;
			buildPhases = (
				427E734123B36CDD0029C35D /* Sources */,
				427E734223B36CDD0029C35D /* Frameworks */,
				427E734323B36CDD0029C35D /* Resources */,
			);
			buildRules = (
			);
			dependencies = (
				427E734723B36CDD0029C35D /* PBXTargetDependency */,
			);
			name = MyTodoUITests;
			productName = MyTodoUITests;
			productReference = 427E734523B36CDD0029C35D /* MyTodoUITests.xctest */;
			productType = "com.apple.product-type.bundle.ui-testing";
		};
/* End PBXNativeTarget section */

/* Begin PBXProject section */
		427E731E23B36CDC0029C35D /* Project object */ = {
			isa = PBXProject;
			attributes = {
				LastSwiftUpdateCheck = 1010;
				LastUpgradeCheck = 1010;
				ORGANIZATIONNAME = higuchiryunosuke;
				TargetAttributes = {
					427E732523B36CDC0029C35D = {
						CreatedOnToolsVersion = 10.1;
					};
					427E733923B36CDD0029C35D = {
						CreatedOnToolsVersion = 10.1;
						TestTargetID = 427E732523B36CDC0029C35D;
					};
					427E734423B36CDD0029C35D = {
						CreatedOnToolsVersion = 10.1;
						TestTargetID = 427E732523B36CDC0029C35D;
					};
				};
			};
			buildConfigurationList = 427E732123B36CDC0029C35D /* Build configuration list for PBXProject "MyTodo" */;
			compatibilityVersion = "Xcode 9.3";
			developmentRegion = en;
			hasScannedForEncodings = 0;
			knownRegions = (
				en,
				Base,
			);
			mainGroup = 427E731D23B36CDC0029C35D;
			productRefGroup = 427E732723B36CDC0029C35D /* Products */;
			projectDirPath = "";
			projectRoot = "";
			targets = (
				427E732523B36CDC0029C35D /* MyTodo */,
				427E733923B36CDD0029C35D /* MyTodoTests */,
				427E734423B36CDD0029C35D /* MyTodoUITests */,
			);
		};
/* End PBXProject section */

/* Begin PBXResourcesBuildPhase section */
		427E732423B36CDC0029C35D /* Resources */ = {
			isa = PBXResourcesBuildPhase;
			buildActionMask = 2147483647;
			files = (
				427E733423B36CDD0029C35D /* LaunchScreen.storyboard in Resources */,
				427E733123B36CDD0029C35D /* Assets.xcassets in Resources */,
				427E732F23B36CDC0029C35D /* Main.storyboard in Resources */,
			);
			runOnlyForDeploymentPostprocessing = 0;
		};
		427E733823B36CDD0029C35D /* Resources */ = {
			isa = PBXResourcesBuildPhase;
			buildActionMask = 2147483647;
			files = (
			);
			runOnlyForDeploymentPostprocessing = 0;
		};
		427E734323B36CDD0029C35D /* Resources */ = {
			isa = PBXResourcesBuildPhase;
			buildActionMask = 2147483647;
			files = (
			);
			runOnlyForDeploymentPostprocessing = 0;
		};
/* End PBXResourcesBuildPhase section */

/* Begin PBXSourcesBuildPhase section */
		427E732223B36CDC0029C35D /* Sources */ = {
			isa = PBXSourcesBuildPhase;
			buildActionMask = 2147483647;
			files = (
				427E732C23B36CDC0029C35D /* ViewController.swift in Sources */,
				427E732A23B36CDC0029C35D /* AppDelegate.swift in Sources */,
			);
			runOnlyForDeploymentPostprocessing = 0;
		};
		427E733623B36CDD0029C35D /* Sources */ = {
			isa = PBXSourcesBuildPhase;
			buildActionMask = 2147483647;
			files = (
				427E733F23B36CDD0029C35D /* MyTodoTests.swift in Sources */,
			);
			runOnlyForDeploymentPostprocessing = 0;
		};
		427E734123B36CDD0029C35D /* Sources */ = {
			isa = PBXSourcesBuildPhase;
			buildActionMask = 2147483647;
			files = (
				427E734A23B36CDD0029C35D /* MyTodoUITests.swift in Sources */,
			);
			runOnlyForDeploymentPostprocessing = 0;
		};
/* End PBXSourcesBuildPhase section */

/* Begin PBXTargetDependency section */
		427E733C23B36CDD0029C35D /* PBXTargetDependency */ = {
			isa = PBXTargetDependency;
			target = 427E732523B36CDC0029C35D /* MyTodo */;
			targetProxy = 427E733B23B36CDD0029C35D /* PBXContainerItemProxy */;
		};
		427E734723B36CDD0029C35D /* PBXTargetDependency */ = {
			isa = PBXTargetDependency;
			target = 427E732523B36CDC0029C35D /* MyTodo */;
			targetProxy = 427E734623B36CDD0029C35D /* PBXContainerItemProxy */;
		};
/* End PBXTargetDependency section */

/* Begin PBXVariantGroup section */
		427E732D23B36CDC0029C35D /* Main.storyboard */ = {
			isa = PBXVariantGroup;
			children = (
				427E732E23B36CDC0029C35D /* Base */,
			);
			name = Main.storyboard;
			sourceTree = "<group>";
		};
		427E733223B36CDD0029C35D /* LaunchScreen.storyboard */ = {
			isa = PBXVariantGroup;
			children = (
				427E733323B36CDD0029C35D /* Base */,
			);
			name = LaunchScreen.storyboard;
			sourceTree = "<group>";
		};
/* End PBXVariantGroup section */

/* Begin XCBuildConfiguration section */
		427E734C23B36CDD0029C35D /* Debug */ = {
			isa = XCBuildConfiguration;
			buildSettings = {
				ALWAYS_SEARCH_USER_PATHS = NO;
				CLANG_ANALYZER_NONNULL = YES;
				CLANG_ANALYZER_NUMBER_OBJECT_CONVERSION = YES_AGGRESSIVE;
				CLANG_CXX_LANGUAGE_STANDARD = "gnu++14";
				CLANG_CXX_LIBRARY = "libc++";
				CLANG_ENABLE_MODULES = YES;
				CLANG_ENABLE_OBJC_ARC = YES;
				CLANG_ENABLE_OBJC_WEAK = YES;
				CLANG_WARN_BLOCK_CAPTURE_AUTORELEASING = YES;
				CLANG_WARN_BOOL_CONVERSION = YES;
				CLANG_WARN_COMMA = YES;
				CLANG_WARN_CONSTANT_CONVERSION = YES;
				CLANG_WARN_DEPRECATED_OBJC_IMPLEMENTATIONS = YES;
				CLANG_WARN_DIRECT_OBJC_ISA_USAGE = YES_ERROR;
				CLANG_WARN_DOCUMENTATION_COMMENTS = YES;
				CLANG_WARN_EMPTY_BODY = YES;
				CLANG_WARN_ENUM_CONVERSION = YES;
				CLANG_WARN_INFINITE_RECURSION = YES;
				CLANG_WARN_INT_CONVERSION = YES;
				CLANG_WARN_NON_LITERAL_NULL_CONVERSION = YES;
				CLANG_WARN_OBJC_IMPLICIT_RETAIN_SELF = YES;
				CLANG_WARN_OBJC_LITERAL_CONVERSION = YES;
				CLANG_WARN_OBJC_ROOT_CLASS = YES_ERROR;
				CLANG_WARN_RANGE_LOOP_ANALYSIS = YES;
				CLANG_WARN_STRICT_PROTOTYPES = YES;
				CLANG_WARN_SUSPICIOUS_MOVE = YES;
				CLANG_WARN_UNGUARDED_AVAILABILITY = YES_AGGRESSIVE;
				CLANG_WARN_UNREACHABLE_CODE = YES;
				CLANG_WARN__DUPLICATE_METHOD_MATCH = YES;
				CODE_SIGN_IDENTITY = "iPhone Developer";
				COPY_PHASE_STRIP = NO;
				DEBUG_INFORMATION_FORMAT = dwarf;
				ENABLE_STRICT_OBJC_MSGSEND = YES;
				ENABLE_TESTABILITY = YES;
				GCC_C_LANGUAGE_STANDARD = gnu11;
				GCC_DYNAMIC_NO_PIC = NO;
				GCC_NO_COMMON_BLOCKS = YES;
				GCC_OPTIMIZATION_LEVEL = 0;
				GCC_PREPROCESSOR_DEFINITIONS = (
					"DEBUG=1",
					"$(inherited)",
				);
				GCC_WARN_64_TO_32_BIT_CONVERSION = YES;
				GCC_WARN_ABOUT_RETURN_TYPE = YES_ERROR;
				GCC_WARN_UNDECLARED_SELECTOR = YES;
				GCC_WARN_UNINITIALIZED_AUTOS = YES_AGGRESSIVE;
				GCC_WARN_UNUSED_FUNCTION = YES;
				GCC_WARN_UNUSED_VARIABLE = YES;
				IPHONEOS_DEPLOYMENT_TARGET = 12.1;
				MTL_ENABLE_DEBUG_INFO = INCLUDE_SOURCE;
				MTL_FAST_MATH = YES;
				ONLY_ACTIVE_ARCH = YES;
				SDKROOT = iphoneos;
				SWIFT_ACTIVE_COMPILATION_CONDITIONS = DEBUG;
				SWIFT_OPTIMIZATION_LEVEL = "-Onone";
			};
			name = Debug;
		};
		427E734D23B36CDD0029C35D /* Release */ = {
			isa = XCBuildConfiguration;
			buildSettings = {
				ALWAYS_SEARCH_USER_PATHS = NO;
				CLANG_ANALYZER_NONNULL = YES;
				CLANG_ANALYZER_NUMBER_OBJECT_CONVERSION = YES_AGGRESSIVE;
				CLANG_CXX_LANGUAGE_STANDARD = "gnu++14";
				CLANG_CXX_LIBRARY = "libc++";
				CLANG_ENABLE_MODULES = YES;
				CLANG_ENABLE_OBJC_ARC = YES;
				CLANG_ENABLE_OBJC_WEAK = YES;
				CLANG_WARN_BLOCK_CAPTURE_AUTORELEASING = YES;
				CLANG_WARN_BOOL_CONVERSION = YES;
				CLANG_WARN_COMMA = YES;
				CLANG_WARN_CONSTANT_CONVERSION = YES;
				CLANG_WARN_DEPRECATED_OBJC_IMPLEMENTATIONS = YES;
				CLANG_WARN_DIRECT_OBJC_ISA_USAGE = YES_ERROR;
				CLANG_WARN_DOCUMENTATION_COMMENTS = YES;
				CLANG_WARN_EMPTY_BODY = YES;
				CLANG_WARN_ENUM_CONVERSION = YES;
				CLANG_WARN_INFINITE_RECURSION = YES;
				CLANG_WARN_INT_CONVERSION = YES;
				CLANG_WARN_NON_LITERAL_NULL_CONVERSION = YES;
				CLANG_WARN_OBJC_IMPLICIT_RETAIN_SELF = YES;
				CLANG_WARN_OBJC_LITERAL_CONVERSION = YES;
				CLANG_WARN_OBJC_ROOT_CLASS = YES_ERROR;
				CLANG_WARN_RANGE_LOOP_ANALYSIS = YES;
				CLANG_WARN_STRICT_PROTOTYPES = YES;
				CLANG_WARN_SUSPICIOUS_MOVE = YES;
				CLANG_WARN_UNGUARDED_AVAILABILITY = YES_AGGRESSIVE;
				CLANG_WARN_UNREACHABLE_CODE = YES;
				CLANG_WARN__DUPLICATE_METHOD_MATCH = YES;
				CODE_SIGN_IDENTITY = "iPhone Developer";
				COPY_PHASE_STRIP = NO;
				DEBUG_INFORMATION_FORMAT = "dwarf-with-dsym";
				ENABLE_NS_ASSERTIONS = NO;
				ENABLE_STRICT_OBJC_MSGSEND = YES;
				GCC_C_LANGUAGE_STANDARD = gnu11;
				GCC_NO_COMMON_BLOCKS = YES;
				GCC_WARN_64_TO_32_BIT_CONVERSION = YES;
				GCC_WARN_ABOUT_RETURN_TYPE = YES_ERROR;
				GCC_WARN_UNDECLARED_SELECTOR = YES;
				GCC_WARN_UNINITIALIZED_AUTOS = YES_AGGRESSIVE;
				GCC_WARN_UNUSED_FUNCTION = YES;
				GCC_WARN_UNUSED_VARIABLE = YES;
				IPHONEOS_DEPLOYMENT_TARGET = 12.1;
				MTL_ENABLE_DEBUG_INFO = NO;
				MTL_FAST_MATH = YES;
				SDKROOT = iphoneos;
				SWIFT_COMPILATION_MODE = wholemodule;
				SWIFT_OPTIMIZATION_LEVEL = "-O";
				VALIDATE_PRODUCT = YES;
			};
			name = Release;
		};
		427E734F23B36CDD0029C35D /* Debug */ = {
			isa = XCBuildConfiguration;
			buildSettings = {
				ASSETCATALOG_COMPILER_APPICON_NAME = AppIcon;
				CODE_SIGN_STYLE = Automatic;
				INFOPLIST_FILE = MyTodo/Info.plist;
				LD_RUNPATH_SEARCH_PATHS = (
					"$(inherited)",
					"@executable_path/Frameworks",
				);
				PRODUCT_BUNDLE_IDENTIFIER = "com.-higuchiryunosuke.MyTodo";
				PRODUCT_NAME = "$(TARGET_NAME)";
				SWIFT_VERSION = 4.2;
				TARGETED_DEVICE_FAMILY = "1,2";
			};
			name = Debug;
		};
		427E735023B36CDD0029C35D /* Release */ = {
			isa = XCBuildConfiguration;
			buildSettings = {
				ASSETCATALOG_COMPILER_APPICON_NAME = AppIcon;
				CODE_SIGN_STYLE = Automatic;
				INFOPLIST_FILE = MyTodo/Info.plist;
				LD_RUNPATH_SEARCH_PATHS = (
					"$(inherited)",
					"@executable_path/Frameworks",
				);
				PRODUCT_BUNDLE_IDENTIFIER = "com.-higuchiryunosuke.MyTodo";
				PRODUCT_NAME = "$(TARGET_NAME)";
				SWIFT_VERSION = 4.2;
				TARGETED_DEVICE_FAMILY = "1,2";
			};
			name = Release;
		};
		427E735223B36CDD0029C35D /* Debug */ = {
			isa = XCBuildConfiguration;
			buildSettings = {
				ALWAYS_EMBED_SWIFT_STANDARD_LIBRARIES = YES;
				BUNDLE_LOADER = "$(TEST_HOST)";
				CODE_SIGN_STYLE = Automatic;
				INFOPLIST_FILE = MyTodoTests/Info.plist;
				LD_RUNPATH_SEARCH_PATHS = (
					"$(inherited)",
					"@executable_path/Frameworks",
					"@loader_path/Frameworks",
				);
				PRODUCT_BUNDLE_IDENTIFIER = "com.-higuchiryunosuke.MyTodoTests";
				PRODUCT_NAME = "$(TARGET_NAME)";
				SWIFT_VERSION = 4.2;
				TARGETED_DEVICE_FAMILY = "1,2";
				TEST_HOST = "$(BUILT_PRODUCTS_DIR)/MyTodo.app/MyTodo";
			};
			name = Debug;
		};
		427E735323B36CDD0029C35D /* Release */ = {
			isa = XCBuildConfiguration;
			buildSettings = {
				ALWAYS_EMBED_SWIFT_STANDARD_LIBRARIES = YES;
				BUNDLE_LOADER = "$(TEST_HOST)";
				CODE_SIGN_STYLE = Automatic;
				INFOPLIST_FILE = MyTodoTests/Info.plist;
				LD_RUNPATH_SEARCH_PATHS = (
					"$(inherited)",
					"@executable_path/Frameworks",
					"@loader_path/Frameworks",
				);
				PRODUCT_BUNDLE_IDENTIFIER = "com.-higuchiryunosuke.MyTodoTests";
				PRODUCT_NAME = "$(TARGET_NAME)";
				SWIFT_VERSION = 4.2;
				TARGETED_DEVICE_FAMILY = "1,2";
				TEST_HOST = "$(BUILT_PRODUCTS_DIR)/MyTodo.app/MyTodo";
			};
			name = Release;
		};
		427E735523B36CDD0029C35D /* Debug */ = {
			isa = XCBuildConfiguration;
			buildSettings = {
				ALWAYS_EMBED_SWIFT_STANDARD_LIBRARIES = YES;
				CODE_SIGN_STYLE = Automatic;
				INFOPLIST_FILE = MyTodoUITests/Info.plist;
				LD_RUNPATH_SEARCH_PATHS = (
					"$(inherited)",
					"@executable_path/Frameworks",
					"@loader_path/Frameworks",
				);
				PRODUCT_BUNDLE_IDENTIFIER = "com.-higuchiryunosuke.MyTodoUITests";
				PRODUCT_NAME = "$(TARGET_NAME)";
				SWIFT_VERSION = 4.2;
				TARGETED_DEVICE_FAMILY = "1,2";
				TEST_TARGET_NAME = MyTodo;
			};
			name = Debug;
		};
		427E735623B36CDD0029C35D /* Release */ = {
			isa = XCBuildConfiguration;
			buildSettings = {
				ALWAYS_EMBED_SWIFT_STANDARD_LIBRARIES = YES;
				CODE_SIGN_STYLE = Automatic;
				INFOPLIST_FILE = MyTodoUITests/Info.plist;
				LD_RUNPATH_SEARCH_PATHS = (
					"$(inherited)",
					"@executable_path/Frameworks",
					"@loader_path/Frameworks",
				);
				PRODUCT_BUNDLE_IDENTIFIER = "com.-higuchiryunosuke.MyTodoUITests";
				PRODUCT_NAME = "$(TARGET_NAME)";
				SWIFT_VERSION = 4.2;
				TARGETED_DEVICE_FAMILY = "1,2";
				TEST_TARGET_NAME = MyTodo;
			};
			name = Release;
		};
/* End XCBuildConfiguration section */

/* Begin XCConfigurationList section */
		427E732123B36CDC0029C35D /* Build configuration list for PBXProject "MyTodo" */ = {
			isa = XCConfigurationList;
			buildConfigurations = (
				427E734C23B36CDD0029C35D /* Debug */,
				427E734D23B36CDD0029C35D /* Release */,
			);
			defaultConfigurationIsVisible = 0;
			defaultConfigurationName = Release;
		};
		427E734E23B36CDD0029C35D /* Build configuration list for PBXNativeTarget "MyTodo" */ = {
			isa = XCConfigurationList;
			buildConfigurations = (
				427E734F23B36CDD0029C35D /* Debug */,
				427E735023B36CDD0029C35D /* Release */,
			);
			defaultConfigurationIsVisible = 0;
			defaultConfigurationName = Release;
		};
		427E735123B36CDD0029C35D /* Build configuration list for PBXNativeTarget "MyTodoTests" */ = {
			isa = XCConfigurationList;
			buildConfigurations = (
				427E735223B36CDD0029C35D /* Debug */,
				427E735323B36CDD0029C35D /* Release */,
			);
			defaultConfigurationIsVisible = 0;
			defaultConfigurationName = Release;
		};
		427E735423B36CDD0029C35D /* Build configuration list for PBXNativeTarget "MyTodoUITests" */ = {
			isa = XCConfigurationList;
			buildConfigurations = (
				427E735523B36CDD0029C35D /* Debug */,
				427E735623B36CDD0029C35D /* Release */,
			);
			defaultConfigurationIsVisible = 0;
			defaultConfigurationName = Release;
		};
/* End XCConfigurationList section */
	};
	rootObject = 427E731E23B36CDC0029C35D /* Project object */;
}
